
Microsoft Visual Studio Solution File, Format Version 12.00
# Visual Studio Express 2013 for Web
VisualStudioVersion = 12.0.30723.0
MinimumVisualStudioVersion = 10.0.40219.1
Project("{FAE04EC0-301F-11D3-BF4B-00C04F79EFBC}") = "ConsotoUniversity", "ConsotoUniversity\ConsotoUniversity.csproj", "{6E0BA615-455B-4AAA-9552-CB4700278F89}"
EndProject
Project("{FAE04EC0-301F-11D3-BF4B-00C04F79EFBC}") = "ConsotoUniversity.Tests", "ConsotoUniversity.Tests\ConsotoUniversity.Tests.csproj", "{D29301B1-A742-46F0-9515-CF046501FD56}"
EndProject
Global
	GlobalSection(SolutionConfigurationPlatforms) = preSolution
		Debug|Any CPU = Debug|Any CPU
		Release|Any CPU = Release|Any CPU
	EndGlobalSection
	GlobalSection(ProjectConfigurationPlatforms) = postSolution
		{6E0BA615-455B-4AAA-9552-CB4700278F89}.Debug|Any CPU.ActiveCfg = Debug|Any CPU
		{6E0BA615-455B-4AAA-9552-CB4700278F89}.Debug|Any CPU.Build.0 = Debug|Any CPU
		{6E0BA615-455B-4AAA-9552-CB4700278F89}.Release|Any CPU.ActiveCfg = Release|Any CPU
		{6E0BA615-455B-4AAA-9552-CB4700278F89}.Release|Any CPU.Build.0 = Release|Any CPU
		{D29301B1-A742-46F0-9515-CF046501FD56}.Debug|Any CPU.ActiveCfg = Debug|Any CPU
		{D29301B1-A742-46F0-9515-CF046501FD56}.Debug|Any CPU.Build.0 = Debug|Any CPU
		{D29301B1-A742-46F0-9515-CF046501FD56}.Release|Any CPU.ActiveCfg = Release|Any CPU
		{D29301B1-A742-46F0-9515-CF046501FD56}.Release|Any CPU.Build.0 = Release|Any CPU
	EndGlobalSection
	GlobalSection(SolutionProperties) = preSolution
		HideSolutionNode = FALSE
	EndGlobalSection
EndGlobal
